<Solution>
    <Folder Name="/src/">
        <Project Path="src/Verstack.App/Verstack.App.csproj" />
        <Project Path="src/Verstack.Bootstrap/Verstack.Bootstrap.csproj" />
        <Project Path="src/Verstack.Core/Verstack.Core.csproj" />
        <Project Path="src/Verstack.Debug/Verstack.Debug.csproj" />
        <Project Path="src/Verstack.ECS/Verstack.ECS.csproj" />
        <Project Path="src/Verstack.Layer.Gateway/Verstack.Layer.Gateway.csproj" />
        <Project Path="src/Verstack.Layer.Global/Verstack.Layer.Global.csproj" />
        <Project Path="src/Verstack.Layer.Realm/Verstack.Layer.Realm.csproj" />
        <Project Path="src/Verstack.NBT/Verstack.NBT.csproj" />
        <Project Path="src/Verstack.Network/Verstack.Network.csproj" />
    </Folder>
    <Folder Name="/tools/">
        <Project Path="tools/Verstack.Probe/Verstack.Probe.csproj" />
    </Folder>
</Solution>
