<Solution>
    <Folder Name="/src/">
        <Project Path="src/Verstack.App/Verstack.App.csproj" />
        <Project Path="src/Verstack.Minecraft/Verstack.Minecraft.csproj" />
        <Project Path="src/Verstack.Network/Verstack.Network.csproj" />
        <Project Path="src/Verstack.Protocol/Verstack.Protocol.csproj" />
    </Folder>
    <Folder Name="/tests/">
        <Project Path="tests/Verstack.Minecraft.Tests/Verstack.Minecraft.Tests.csproj" />
        <Project Path="tests/Verstack.Network.Tests/Verstack.Network.Tests.csproj" />
        <Project Path="tests/Verstack.Protocol.Tests/Verstack.Protocol.Tests.csproj" />
    </Folder>
    <Folder Name="/tools/">
        <Project Path="tools/Verstack.Probe/Verstack.Probe.csproj" />
    </Folder>
</Solution>
